// !$*UTF8*$!
{
	archiveVersion = 1;
	classes = {
	};
	objectVersion = 50;
	objects = {

/* Begin PBXBuildFile section */
		995D32242563A97000B90812 /* AppDelegate.swift in Sources */ = {isa = PBXBuildFile; fileRef = 995D32232563A97000B90812 /* AppDelegate.swift */; };
		995D32282563A97000B90812 /* FirstVC.swift in Sources */ = {isa = PBXBuildFile; fileRef = 995D32272563A97000B90812 /* FirstVC.swift */; };
		995D322B2563A97000B90812 /* Main.storyboard in Resources */ = {isa = PBXBuildFile; fileRef = 995D32292563A97000B90812 /* Main.storyboard */; };
		995D322D2563A97100B90812 /* Assets.xcassets in Resources */ = {isa = PBXBuildFile; fileRef = 995D322C2563A97100B90812 /* Assets.xcassets */; };
		995D32302563A97100B90812 /* LaunchScreen.storyboard in Resources */ = {isa = PBXBuildFile; fileRef = 995D322E2563A97100B90812 /* LaunchScreen.storyboard */; };
		995D32382563A98900B90812 /* Coordinator.swift in Sources */ = {isa = PBXBuildFile; fileRef = 995D32372563A98900B90812 /* Coordinator.swift */; };
		995D323A2563AAC800B90812 /* UIViewController+Storyboard.swift in Sources */ = {isa = PBXBuildFile; fileRef = 995D32392563AAC800B90812 /* UIViewController+Storyboard.swift */; };
		995D323C2563ABE500B90812 /* MainCoordinator.swift in Sources */ = {isa = PBXBuildFile; fileRef = 995D323B2563ABE500B90812 /* MainCoordinator.swift */; };
		995D323E2563B14300B90812 /* SecondVC.swift in Sources */ = {isa = PBXBuildFile; fileRef = 995D323D2563B14300B90812 /* SecondVC.swift */; };
/* End PBXBuildFile section */

/* Begin PBXFileReference section */
		995D32202563A97000B90812 /* Coordinator-Demo.app */ = {isa = PBXFileReference; explicitFileType = wrapper.application; includeInIndex = 0; path = "Coordinator-Demo.app"; sourceTree = BUILT_PRODUCTS_DIR; };
		995D32232563A97000B90812 /* AppDelegate.swift */ = {isa = PBXFileReference; lastKnownFileType = sourcecode.swift; path = AppDelegate.swift; sourceTree = "<group>"; };
		995D32272563A97000B90812 /* FirstVC.swift */ = {isa = PBXFileReference; lastKnownFileType = sourcecode.swift; path = FirstVC.swift; sourceTree = "<group>"; };
		995D322A2563A97000B90812 /* Base */ = {isa = PBXFileReference; lastKnownFileType = file.storyboard; name = Base; path = Base.lproj/Main.storyboard; sourceTree = "<group>"; };
		995D322C2563A97100B90812 /* Assets.xcassets */ = {isa = PBXFileReference; lastKnownFileType = folder.assetcatalog; path = Assets.xcassets; sourceTree = "<group>"; };
		995D322F2563A97100B90812 /* Base */ = {isa = PBXFileReference; lastKnownFileType = file.storyboard; name = Base; path = Base.lproj/LaunchScreen.storyboard; sourceTree = "<group>"; };
		995D32312563A97100B90812 /* Info.plist */ = {isa = PBXFileReference; lastKnownFileType = text.plist.xml; path = Info.plist; sourceTree = "<group>"; };
		995D32372563A98900B90812 /* Coordinator.swift */ = {isa = PBXFileReference; lastKnownFileType = sourcecode.swift; path = Coordinator.swift; sourceTree = "<group>"; };
		995D32392563AAC800B90812 /* UIViewController+Storyboard.swift */ = {isa = PBXFileReference; lastKnownFileType = sourcecode.swift; path = "UIViewController+Storyboard.swift"; sourceTree = "<group>"; };
		995D323B2563ABE500B90812 /* MainCoordinator.swift */ = {isa = PBXFileReference; lastKnownFileType = sourcecode.swift; path = MainCoordinator.swift; sourceTree = "<group>"; };
		995D323D2563B14300B90812 /* SecondVC.swift */ = {isa = PBXFileReference; lastKnownFileType = sourcecode.swift; path = SecondVC.swift; sourceTree = "<group>"; };
/* End PBXFileReference section */

/* Begin PBXFrameworksBuildPhase section */
		995D321D2563A97000B90812 /* Frameworks */ = {
			isa = PBXFrameworksBuildPhase;
			buildActionMask = 2147483647;
			files = (
			);
			runOnlyForDeploymentPostprocessing = 0;
		};
/* End PBXFrameworksBuildPhase section */

/* Begin PBXGroup section */
		995D32172563A97000B90812 = {
			isa = PBXGroup;
			children = (
				995D32222563A97000B90812 /* Coordinator-Demo */,
				995D32212563A97000B90812 /* Products */,
			);
			sourceTree = "<group>";
		};
		995D32212563A97000B90812 /* Products */ = {
			isa = PBXGroup;
			children = (
				995D32202563A97000B90812 /* Coordinator-Demo.app */,
			);
			name = Products;
			sourceTree = "<group>";
		};
		995D32222563A97000B90812 /* Coordinator-Demo */ = {
			isa = PBXGroup;
			children = (
				995D32232563A97000B90812 /* AppDelegate.swift */,
				995D32372563A98900B90812 /* Coordinator.swift */,
				995D323B2563ABE500B90812 /* MainCoordinator.swift */,
				995D32272563A97000B90812 /* FirstVC.swift */,
				995D323D2563B14300B90812 /* SecondVC.swift */,
				995D32292563A97000B90812 /* Main.storyboard */,
				995D322C2563A97100B90812 /* Assets.xcassets */,
				995D322E2563A97100B90812 /* LaunchScreen.storyboard */,
				995D32312563A97100B90812 /* Info.plist */,
				995D32392563AAC800B90812 /* UIViewController+Storyboard.swift */,
			);
			path = "Coordinator-Demo";
			sourceTree = "<group>";
		};
/* End PBXGroup section */

/* Begin PBXNativeTarget section */
		995D321F2563A97000B90812 /* Coordinator-Demo */ = {
			isa = PBXNativeTarget;
			buildConfigurationList = 995D32342563A97100B90812 /* Build configuration list for PBXNativeTarget "Coordinator-Demo" */;
			buildPhases = (
				995D321C2563A97000B90812 /* Sources */,
				995D321D2563A97000B90812 /* Frameworks */,
				995D321E2563A97000B90812 /* Resources */,
			);
			buildRules = (
			);
			dependencies = (
			);
			name = "Coordinator-Demo";
			productName = "Coordinator-Demo";
			productReference = 995D32202563A97000B90812 /* Coordinator-Demo.app */;
			productType = "com.apple.product-type.application";
		};
/* End PBXNativeTarget section */

/* Begin PBXProject section */
		995D32182563A97000B90812 /* Project object */ = {
			isa = PBXProject;
			attributes = {
				LastSwiftUpdateCheck = 1130;
				LastUpgradeCheck = 1130;
				ORGANIZATIONNAME = intake4;
				TargetAttributes = {
					995D321F2563A97000B90812 = {
						CreatedOnToolsVersion = 11.3.1;
					};
				};
			};
			buildConfigurationList = 995D321B2563A97000B90812 /* Build configuration list for PBXProject "Coordinator-Demo" */;
			compatibilityVersion = "Xcode 9.3";
			developmentRegion = en;
			hasScannedForEncodings = 0;
			knownRegions = (
				en,
				Base,
			);
			mainGroup = 995D32172563A97000B90812;
			productRefGroup = 995D32212563A97000B90812 /* Products */;
			projectDirPath = "";
			projectRoot = "";
			targets = (
				995D321F2563A97000B90812 /* Coordinator-Demo */,
			);
		};
/* End PBXProject section */

/* Begin PBXResourcesBuildPhase section */
		995D321E2563A97000B90812 /* Resources */ = {
			isa = PBXResourcesBuildPhase;
			buildActionMask = 2147483647;
			files = (
				995D32302563A97100B90812 /* LaunchScreen.storyboard in Resources */,
				995D322D2563A97100B90812 /* Assets.xcassets in Resources */,
				995D322B2563A97000B90812 /* Main.storyboard in Resources */,
			);
			runOnlyForDeploymentPostprocessing = 0;
		};
/* End PBXResourcesBuildPhase section */

/* Begin PBXSourcesBuildPhase section */
		995D321C2563A97000B90812 /* Sources */ = {
			isa = PBXSourcesBuildPhase;
			buildActionMask = 2147483647;
			files = (
				995D32382563A98900B90812 /* Coordinator.swift in Sources */,
				995D323C2563ABE500B90812 /* MainCoordinator.swift in Sources */,
				995D323E2563B14300B90812 /* SecondVC.swift in Sources */,
				995D32282563A97000B90812 /* FirstVC.swift in Sources */,
				995D32242563A97000B90812 /* AppDelegate.swift in Sources */,
				995D323A2563AAC800B90812 /* UIViewController+Storyboard.swift in Sources */,
			);
			runOnlyForDeploymentPostprocessing = 0;
		};
/* End PBXSourcesBuildPhase section */

/* Begin PBXVariantGroup section */
		995D32292563A97000B90812 /* Main.storyboard */ = {
			isa = PBXVariantGroup;
			children = (
				995D322A2563A97000B90812 /* Base */,
			);
			name = Main.storyboard;
			sourceTree = "<group>";
		};
		995D322E2563A97100B90812 /* LaunchScreen.storyboard */ = {
			isa = PBXVariantGroup;
			children = (
				995D322F2563A97100B90812 /* Base */,
			);
			name = LaunchScreen.storyboard;
			sourceTree = "<group>";
		};
/* End PBXVariantGroup section */

/* Begin XCBuildConfiguration section */
		995D32322563A97100B90812 /* Debug */ = {
			isa = XCBuildConfiguration;
			buildSettings = {
				ALWAYS_SEARCH_USER_PATHS = NO;
				CLANG_ANALYZER_NONNULL = YES;
				CLANG_ANALYZER_NUMBER_OBJECT_CONVERSION = YES_AGGRESSIVE;
				CLANG_CXX_LANGUAGE_STANDARD = "gnu++14";
				CLANG_CXX_LIBRARY = "libc++";
				CLANG_ENABLE_MODULES = YES;
				CLANG_ENABLE_OBJC_ARC = YES;
				CLANG_ENABLE_OBJC_WEAK = YES;
				CLANG_WARN_BLOCK_CAPTURE_AUTORELEASING = YES;
				CLANG_WARN_BOOL_CONVERSION = YES;
				CLANG_WARN_COMMA = YES;
				CLANG_WARN_CONSTANT_CONVERSION = YES;
				CLANG_WARN_DEPRECATED_OBJC_IMPLEMENTATIONS = YES;
				CLANG_WARN_DIRECT_OBJC_ISA_USAGE = YES_ERROR;
				CLANG_WARN_DOCUMENTATION_COMMENTS = YES;
				CLANG_WARN_EMPTY_BODY = YES;
				CLANG_WARN_ENUM_CONVERSION = YES;
				CLANG_WARN_INFINITE_RECURSION = YES;
				CLANG_WARN_INT_CONVERSION = YES;
				CLANG_WARN_NON_LITERAL_NULL_CONVERSION = YES;
				CLANG_WARN_OBJC_IMPLICIT_RETAIN_SELF = YES;
				CLANG_WARN_OBJC_LITERAL_CONVERSION = YES;
				CLANG_WARN_OBJC_ROOT_CLASS = YES_ERROR;
				CLANG_WARN_RANGE_LOOP_ANALYSIS = YES;
				CLANG_WARN_STRICT_PROTOTYPES = YES;
				CLANG_WARN_SUSPICIOUS_MOVE = YES;
				CLANG_WARN_UNGUARDED_AVAILABILITY = YES_AGGRESSIVE;
				CLANG_WARN_UNREACHABLE_CODE = YES;
				CLANG_WARN__DUPLICATE_METHOD_MATCH = YES;
				COPY_PHASE_STRIP = NO;
				DEBUG_INFORMATION_FORMAT = dwarf;
				ENABLE_STRICT_OBJC_MSGSEND = YES;
				ENABLE_TESTABILITY = YES;
				GCC_C_LANGUAGE_STANDARD = gnu11;
				GCC_DYNAMIC_NO_PIC = NO;
				GCC_NO_COMMON_BLOCKS = YES;
				GCC_OPTIMIZATION_LEVEL = 0;
				GCC_PREPROCESSOR_DEFINITIONS = (
					"DEBUG=1",
					"$(inherited)",
				);
				GCC_WARN_64_TO_32_BIT_CONVERSION = YES;
				GCC_WARN_ABOUT_RETURN_TYPE = YES_ERROR;
				GCC_WARN_UNDECLARED_SELECTOR = YES;
				GCC_WARN_UNINITIALIZED_AUTOS = YES_AGGRESSIVE;
				GCC_WARN_UNUSED_FUNCTION = YES;
				GCC_WARN_UNUSED_VARIABLE = YES;
				IPHONEOS_DEPLOYMENT_TARGET = 13.2;
				MTL_ENABLE_DEBUG_INFO = INCLUDE_SOURCE;
				MTL_FAST_MATH = YES;
				ONLY_ACTIVE_ARCH = YES;
				SDKROOT = iphoneos;
				SWIFT_ACTIVE_COMPILATION_CONDITIONS = DEBUG;
				SWIFT_OPTIMIZATION_LEVEL = "-Onone";
			};
			name = Debug;
		};
		995D32332563A97100B90812 /* Release */ = {
			isa = XCBuildConfiguration;
			buildSettings = {
				ALWAYS_SEARCH_USER_PATHS = NO;
				CLANG_ANALYZER_NONNULL = YES;
				CLANG_ANALYZER_NUMBER_OBJECT_CONVERSION = YES_AGGRESSIVE;
				CLANG_CXX_LANGUAGE_STANDARD = "gnu++14";
				CLANG_CXX_LIBRARY = "libc++";
				CLANG_ENABLE_MODULES = YES;
				CLANG_ENABLE_OBJC_ARC = YES;
				CLANG_ENABLE_OBJC_WEAK = YES;
				CLANG_WARN_BLOCK_CAPTURE_AUTORELEASING = YES;
				CLANG_WARN_BOOL_CONVERSION = YES;
				CLANG_WARN_COMMA = YES;
				CLANG_WARN_CONSTANT_CONVERSION = YES;
				CLANG_WARN_DEPRECATED_OBJC_IMPLEMENTATIONS = YES;
				CLANG_WARN_DIRECT_OBJC_ISA_USAGE = YES_ERROR;
				CLANG_WARN_DOCUMENTATION_COMMENTS = YES;
				CLANG_WARN_EMPTY_BODY = YES;
				CLANG_WARN_ENUM_CONVERSION = YES;
				CLANG_WARN_INFINITE_RECURSION = YES;
				CLANG_WARN_INT_CONVERSION = YES;
				CLANG_WARN_NON_LITERAL_NULL_CONVERSION = YES;
				CLANG_WARN_OBJC_IMPLICIT_RETAIN_SELF = YES;
				CLANG_WARN_OBJC_LITERAL_CONVERSION = YES;
				CLANG_WARN_OBJC_ROOT_CLASS = YES_ERROR;
				CLANG_WARN_RANGE_LOOP_ANALYSIS = YES;
				CLANG_WARN_STRICT_PROTOTYPES = YES;
				CLANG_WARN_SUSPICIOUS_MOVE = YES;
				CLANG_WARN_UNGUARDED_AVAILABILITY = YES_AGGRESSIVE;
				CLANG_WARN_UNREACHABLE_CODE = YES;
				CLANG_WARN__DUPLICATE_METHOD_MATCH = YES;
				COPY_PHASE_STRIP = NO;
				DEBUG_INFORMATION_FORMAT = "dwarf-with-dsym";
				ENABLE_NS_ASSERTIONS = NO;
				ENABLE_STRICT_OBJC_MSGSEND = YES;
				GCC_C_LANGUAGE_STANDARD = gnu11;
				GCC_NO_COMMON_BLOCKS = YES;
				GCC_WARN_64_TO_32_BIT_CONVERSION = YES;
				GCC_WARN_ABOUT_RETURN_TYPE = YES_ERROR;
				GCC_WARN_UNDECLARED_SELECTOR = YES;
				GCC_WARN_UNINITIALIZED_AUTOS = YES_AGGRESSIVE;
				GCC_WARN_UNUSED_FUNCTION = YES;
				GCC_WARN_UNUSED_VARIABLE = YES;
				IPHONEOS_DEPLOYMENT_TARGET = 13.2;
				MTL_ENABLE_DEBUG_INFO = NO;
				MTL_FAST_MATH = YES;
				SDKROOT = iphoneos;
				SWIFT_COMPILATION_MODE = wholemodule;
				SWIFT_OPTIMIZATION_LEVEL = "-O";
				VALIDATE_PRODUCT = YES;
			};
			name = Release;
		};
		995D32352563A97100B90812 /* Debug */ = {
			isa = XCBuildConfiguration;
			buildSettings = {
				ASSETCATALOG_COMPILER_APPICON_NAME = AppIcon;
				CODE_SIGN_STYLE = Automatic;
				DEVELOPMENT_TEAM = 67KT48MR5B;
				INFOPLIST_FILE = "Coordinator-Demo/Info.plist";
				LD_RUNPATH_SEARCH_PATHS = (
					"$(inherited)",
					"@executable_path/Frameworks",
				);
				PRODUCT_BUNDLE_IDENTIFIER = "com.intake4.Coordinator-Demo";
				PRODUCT_NAME = "$(TARGET_NAME)";
				SWIFT_VERSION = 5.0;
				TARGETED_DEVICE_FAMILY = "1,2";
			};
			name = Debug;
		};
		995D32362563A97100B90812 /* Release */ = {
			isa = XCBuildConfiguration;
			buildSettings = {
				ASSETCATALOG_COMPILER_APPICON_NAME = AppIcon;
				CODE_SIGN_STYLE = Automatic;
				DEVELOPMENT_TEAM = 67KT48MR5B;
				INFOPLIST_FILE = "Coordinator-Demo/Info.plist";
				LD_RUNPATH_SEARCH_PATHS = (
					"$(inherited)",
					"@executable_path/Frameworks",
				);
				PRODUCT_BUNDLE_IDENTIFIER = "com.intake4.Coordinator-Demo";
				PRODUCT_NAME = "$(TARGET_NAME)";
				SWIFT_VERSION = 5.0;
				TARGETED_DEVICE_FAMILY = "1,2";
			};
			name = Release;
		};
/* End XCBuildConfiguration section */

/* Begin XCConfigurationList section */
		995D321B2563A97000B90812 /* Build configuration list for PBXProject "Coordinator-Demo" */ = {
			isa = XCConfigurationList;
			buildConfigurations = (
				995D32322563A97100B90812 /* Debug */,
				995D32332563A97100B90812 /* Release */,
			);
			defaultConfigurationIsVisible = 0;
			defaultConfigurationName = Release;
		};
		995D32342563A97100B90812 /* Build configuration list for PBXNativeTarget "Coordinator-Demo" */ = {
			isa = XCConfigurationList;
			buildConfigurations = (
				995D32352563A97100B90812 /* Debug */,
				995D32362563A97100B90812 /* Release */,
			);
			defaultConfigurationIsVisible = 0;
			defaultConfigurationName = Release;
		};
/* End XCConfigurationList section */
	};
	rootObject = 995D32182563A97000B90812 /* Project object */;
}
